// !$*UTF8*$!
{
	archiveVersion = 1;
	classes = {
	};
	objectVersion = 50;
	objects = {

/* Begin PBXBuildFile section */
		181129702629DA7C0056769A /* HomeViewController.swift in Sources */ = {isa = PBXBuildFile; fileRef = 1811296F2629DA7C0056769A /* HomeViewController.swift */; };
		1811297C262B1F0D0056769A /* LoginViewController.swift in Sources */ = {isa = PBXBuildFile; fileRef = 1811297B262B1F0D0056769A /* LoginViewController.swift */; };
		18112988262B1F340056769A /* RegisterViewController.swift in Sources */ = {isa = PBXBuildFile; fileRef = 18112987262B1F340056769A /* RegisterViewController.swift */; };
		1811298D262B1F730056769A /* BrRegister1ViewController.swift in Sources */ = {isa = PBXBuildFile; fileRef = 1811298C262B1F730056769A /* BrRegister1ViewController.swift */; };
		18112992262B1F860056769A /* BrRegister2ViewController.swift in Sources */ = {isa = PBXBuildFile; fileRef = 18112991262B1F860056769A /* BrRegister2ViewController.swift */; };
		18112997262B1F9E0056769A /* BrRegister3ViewController.swift in Sources */ = {isa = PBXBuildFile; fileRef = 18112996262B1F9E0056769A /* BrRegister3ViewController.swift */; };
		1811299C262B1FB80056769A /* SuccesRegisterViewController.swift in Sources */ = {isa = PBXBuildFile; fileRef = 1811299B262B1FB80056769A /* SuccesRegisterViewController.swift */; };
		181129A1262B1FDF0056769A /* CompanyRegisterViewController.swift in Sources */ = {isa = PBXBuildFile; fileRef = 181129A0262B1FDF0056769A /* CompanyRegisterViewController.swift */; };
		181129A6262B20050056769A /* HomePageViewController.swift in Sources */ = {isa = PBXBuildFile; fileRef = 181129A5262B20050056769A /* HomePageViewController.swift */; };
		181129AB262B20450056769A /* AddingProductViewController.swift in Sources */ = {isa = PBXBuildFile; fileRef = 181129AA262B20450056769A /* AddingProductViewController.swift */; };
		18469BB32606157700AFCA03 /* AppDelegate.swift in Sources */ = {isa = PBXBuildFile; fileRef = 18469BB22606157700AFCA03 /* AppDelegate.swift */; };
		18469BB52606157700AFCA03 /* SceneDelegate.swift in Sources */ = {isa = PBXBuildFile; fileRef = 18469BB42606157700AFCA03 /* SceneDelegate.swift */; };
		18469BB72606157700AFCA03 /* ViewController.swift in Sources */ = {isa = PBXBuildFile; fileRef = 18469BB62606157700AFCA03 /* ViewController.swift */; };
		18469BBA2606157700AFCA03 /* Main.storyboard in Resources */ = {isa = PBXBuildFile; fileRef = 18469BB82606157700AFCA03 /* Main.storyboard */; };
		18469BBC2606157800AFCA03 /* Assets.xcassets in Resources */ = {isa = PBXBuildFile; fileRef = 18469BBB2606157800AFCA03 /* Assets.xcassets */; };
		18469BBF2606157800AFCA03 /* LaunchScreen.storyboard in Resources */ = {isa = PBXBuildFile; fileRef = 18469BBD2606157800AFCA03 /* LaunchScreen.storyboard */; };
		18469BCA2606157800AFCA03 /* proooTests.swift in Sources */ = {isa = PBXBuildFile; fileRef = 18469BC92606157800AFCA03 /* proooTests.swift */; };
		18469BD52606157800AFCA03 /* proooUITests.swift in Sources */ = {isa = PBXBuildFile; fileRef = 18469BD42606157800AFCA03 /* proooUITests.swift */; };
		18660112262B89A000000EA6 /* urunlistViewController.swift in Sources */ = {isa = PBXBuildFile; fileRef = 18660111262B89A000000EA6 /* urunlistViewController.swift */; };
		18660117262B8A5600000EA6 /* urunekleViewController.swift in Sources */ = {isa = PBXBuildFile; fileRef = 18660116262B8A5600000EA6 /* urunekleViewController.swift */; };
		1866011C262B8B1300000EA6 /* urunonayViewController.swift in Sources */ = {isa = PBXBuildFile; fileRef = 1866011B262B8B1300000EA6 /* urunonayViewController.swift */; };
		18660121262B8BA000000EA6 /* dıgerViewController.swift in Sources */ = {isa = PBXBuildFile; fileRef = 18660120262B8BA000000EA6 /* dıgerViewController.swift */; };
		18660126262B8CA600000EA6 /* profilimViewController.swift in Sources */ = {isa = PBXBuildFile; fileRef = 18660125262B8CA600000EA6 /* profilimViewController.swift */; };
		1866012B262B8D4B00000EA6 /* bilgilerimViewController.swift in Sources */ = {isa = PBXBuildFile; fileRef = 1866012A262B8D4B00000EA6 /* bilgilerimViewController.swift */; };
		18660130262B8EA800000EA6 /* adreslerViewController.swift in Sources */ = {isa = PBXBuildFile; fileRef = 1866012F262B8EA800000EA6 /* adreslerViewController.swift */; };
		18660135262B8EC100000EA6 /* adresekleViewController.swift in Sources */ = {isa = PBXBuildFile; fileRef = 18660134262B8EC100000EA6 /* adresekleViewController.swift */; };
		1866013A262B8ED600000EA6 /* kartlarViewController.swift in Sources */ = {isa = PBXBuildFile; fileRef = 18660139262B8ED600000EA6 /* kartlarViewController.swift */; };
		1866013F262B8EE700000EA6 /* kartekleViewController.swift in Sources */ = {isa = PBXBuildFile; fileRef = 1866013E262B8EE700000EA6 /* kartekleViewController.swift */; };
		18660144262B8EFF00000EA6 /* kuponlarViewController.swift in Sources */ = {isa = PBXBuildFile; fileRef = 18660143262B8EFF00000EA6 /* kuponlarViewController.swift */; };
		18660149262B8F0D00000EA6 /* fırsatlarViewController.swift in Sources */ = {isa = PBXBuildFile; fileRef = 18660148262B8F0D00000EA6 /* fırsatlarViewController.swift */; };
		1866014E262B8F1E00000EA6 /* sehirlerViewController.swift in Sources */ = {isa = PBXBuildFile; fileRef = 1866014D262B8F1E00000EA6 /* sehirlerViewController.swift */; };
		18660153262B8F2F00000EA6 /* sifremiunuttumViewController.swift in Sources */ = {isa = PBXBuildFile; fileRef = 18660152262B8F2F00000EA6 /* sifremiunuttumViewController.swift */; };
		186E50DB260B99CC00EA7480 /* GoogleService-Info.plist in Resources */ = {isa = PBXBuildFile; fileRef = 186E50DA260B99CC00EA7480 /* GoogleService-Info.plist */; };
		188C17842628C7BC00105021 /* Login.swift in Sources */ = {isa = PBXBuildFile; fileRef = 188C17832628C7BC00105021 /* Login.swift */; };
		188C178C2628C7D400105021 /* Signin.swift in Sources */ = {isa = PBXBuildFile; fileRef = 188C178B2628C7D400105021 /* Signin.swift */; };
/* End PBXBuildFile section */

/* Begin PBXContainerItemProxy section */
		18469BC62606157800AFCA03 /* PBXContainerItemProxy */ = {
			isa = PBXContainerItemProxy;
			containerPortal = 18469BA72606157700AFCA03 /* Project object */;
			proxyType = 1;
			remoteGlobalIDString = 18469BAE2606157700AFCA03;
			remoteInfo = prooo;
		};
		18469BD12606157800AFCA03 /* PBXContainerItemProxy */ = {
			isa = PBXContainerItemProxy;
			containerPortal = 18469BA72606157700AFCA03 /* Project object */;
			proxyType = 1;
			remoteGlobalIDString = 18469BAE2606157700AFCA03;
			remoteInfo = prooo;
		};
/* End PBXContainerItemProxy section */

/* Begin PBXFileReference section */
		1811296F2629DA7C0056769A /* HomeViewController.swift */ = {isa = PBXFileReference; lastKnownFileType = sourcecode.swift; path = HomeViewController.swift; sourceTree = "<group>"; };
		1811297B262B1F0D0056769A /* LoginViewController.swift */ = {isa = PBXFileReference; lastKnownFileType = sourcecode.swift; path = LoginViewController.swift; sourceTree = "<group>"; };
		18112987262B1F340056769A /* RegisterViewController.swift */ = {isa = PBXFileReference; lastKnownFileType = sourcecode.swift; path = RegisterViewController.swift; sourceTree = "<group>"; };
		1811298C262B1F730056769A /* BrRegister1ViewController.swift */ = {isa = PBXFileReference; lastKnownFileType = sourcecode.swift; path = BrRegister1ViewController.swift; sourceTree = "<group>"; };
		18112991262B1F860056769A /* BrRegister2ViewController.swift */ = {isa = PBXFileReference; lastKnownFileType = sourcecode.swift; path = BrRegister2ViewController.swift; sourceTree = "<group>"; };
		18112996262B1F9E0056769A /* BrRegister3ViewController.swift */ = {isa = PBXFileReference; lastKnownFileType = sourcecode.swift; path = BrRegister3ViewController.swift; sourceTree = "<group>"; };
		1811299B262B1FB80056769A /* SuccesRegisterViewController.swift */ = {isa = PBXFileReference; lastKnownFileType = sourcecode.swift; path = SuccesRegisterViewController.swift; sourceTree = "<group>"; };
		181129A0262B1FDF0056769A /* CompanyRegisterViewController.swift */ = {isa = PBXFileReference; lastKnownFileType = sourcecode.swift; path = CompanyRegisterViewController.swift; sourceTree = "<group>"; };
		181129A5262B20050056769A /* HomePageViewController.swift */ = {isa = PBXFileReference; lastKnownFileType = sourcecode.swift; path = HomePageViewController.swift; sourceTree = "<group>"; };
		181129AA262B20450056769A /* AddingProductViewController.swift */ = {isa = PBXFileReference; lastKnownFileType = sourcecode.swift; path = AddingProductViewController.swift; sourceTree = "<group>"; };
		18469BAF2606157700AFCA03 /* prooo.app */ = {isa = PBXFileReference; explicitFileType = wrapper.application; includeInIndex = 0; path = prooo.app; sourceTree = BUILT_PRODUCTS_DIR; };
		18469BB22606157700AFCA03 /* AppDelegate.swift */ = {isa = PBXFileReference; lastKnownFileType = sourcecode.swift; path = AppDelegate.swift; sourceTree = "<group>"; };
		18469BB42606157700AFCA03 /* SceneDelegate.swift */ = {isa = PBXFileReference; lastKnownFileType = sourcecode.swift; path = SceneDelegate.swift; sourceTree = "<group>"; };
		18469BB62606157700AFCA03 /* ViewController.swift */ = {isa = PBXFileReference; lastKnownFileType = sourcecode.swift; path = ViewController.swift; sourceTree = "<group>"; };
		18469BB92606157700AFCA03 /* Base */ = {isa = PBXFileReference; lastKnownFileType = file.storyboard; name = Base; path = Base.lproj/Main.storyboard; sourceTree = "<group>"; };
		18469BBB2606157800AFCA03 /* Assets.xcassets */ = {isa = PBXFileReference; lastKnownFileType = folder.assetcatalog; path = Assets.xcassets; sourceTree = "<group>"; };
		18469BBE2606157800AFCA03 /* Base */ = {isa = PBXFileReference; lastKnownFileType = file.storyboard; name = Base; path = Base.lproj/LaunchScreen.storyboard; sourceTree = "<group>"; };
		18469BC02606157800AFCA03 /* Info.plist */ = {isa = PBXFileReference; lastKnownFileType = text.plist.xml; path = Info.plist; sourceTree = "<group>"; };
		18469BC52606157800AFCA03 /* proooTests.xctest */ = {isa = PBXFileReference; explicitFileType = wrapper.cfbundle; includeInIndex = 0; path = proooTests.xctest; sourceTree = BUILT_PRODUCTS_DIR; };
		18469BC92606157800AFCA03 /* proooTests.swift */ = {isa = PBXFileReference; lastKnownFileType = sourcecode.swift; path = proooTests.swift; sourceTree = "<group>"; };
		18469BCB2606157800AFCA03 /* Info.plist */ = {isa = PBXFileReference; lastKnownFileType = text.plist.xml; path = Info.plist; sourceTree = "<group>"; };
		18469BD02606157800AFCA03 /* proooUITests.xctest */ = {isa = PBXFileReference; explicitFileType = wrapper.cfbundle; includeInIndex = 0; path = proooUITests.xctest; sourceTree = BUILT_PRODUCTS_DIR; };
		18469BD42606157800AFCA03 /* proooUITests.swift */ = {isa = PBXFileReference; lastKnownFileType = sourcecode.swift; path = proooUITests.swift; sourceTree = "<group>"; };
		18469BD62606157800AFCA03 /* Info.plist */ = {isa = PBXFileReference; lastKnownFileType = text.plist.xml; path = Info.plist; sourceTree = "<group>"; };
		18660111262B89A000000EA6 /* urunlistViewController.swift */ = {isa = PBXFileReference; lastKnownFileType = sourcecode.swift; path = urunlistViewController.swift; sourceTree = "<group>"; };
		18660116262B8A5600000EA6 /* urunekleViewController.swift */ = {isa = PBXFileReference; lastKnownFileType = sourcecode.swift; path = urunekleViewController.swift; sourceTree = "<group>"; };
		1866011B262B8B1300000EA6 /* urunonayViewController.swift */ = {isa = PBXFileReference; lastKnownFileType = sourcecode.swift; path = urunonayViewController.swift; sourceTree = "<group>"; };
		18660120262B8BA000000EA6 /* dıgerViewController.swift */ = {isa = PBXFileReference; lastKnownFileType = sourcecode.swift; path = "dıgerViewController.swift"; sourceTree = "<group>"; };
		18660125262B8CA600000EA6 /* profilimViewController.swift */ = {isa = PBXFileReference; lastKnownFileType = sourcecode.swift; path = profilimViewController.swift; sourceTree = "<group>"; };
		1866012A262B8D4B00000EA6 /* bilgilerimViewController.swift */ = {isa = PBXFileReference; lastKnownFileType = sourcecode.swift; path = bilgilerimViewController.swift; sourceTree = "<group>"; };
		1866012F262B8EA800000EA6 /* adreslerViewController.swift */ = {isa = PBXFileReference; lastKnownFileType = sourcecode.swift; path = adreslerViewController.swift; sourceTree = "<group>"; };
		18660134262B8EC100000EA6 /* adresekleViewController.swift */ = {isa = PBXFileReference; lastKnownFileType = sourcecode.swift; path = adresekleViewController.swift; sourceTree = "<group>"; };
		18660139262B8ED600000EA6 /* kartlarViewController.swift */ = {isa = PBXFileReference; lastKnownFileType = sourcecode.swift; path = kartlarViewController.swift; sourceTree = "<group>"; };
		1866013E262B8EE700000EA6 /* kartekleViewController.swift */ = {isa = PBXFileReference; lastKnownFileType = sourcecode.swift; path = kartekleViewController.swift; sourceTree = "<group>"; };
		18660143262B8EFF00000EA6 /* kuponlarViewController.swift */ = {isa = PBXFileReference; lastKnownFileType = sourcecode.swift; path = kuponlarViewController.swift; sourceTree = "<group>"; };
		18660148262B8F0D00000EA6 /* fırsatlarViewController.swift */ = {isa = PBXFileReference; lastKnownFileType = sourcecode.swift; path = "fırsatlarViewController.swift"; sourceTree = "<group>"; };
		1866014D262B8F1E00000EA6 /* sehirlerViewController.swift */ = {isa = PBXFileReference; lastKnownFileType = sourcecode.swift; path = sehirlerViewController.swift; sourceTree = "<group>"; };
		18660152262B8F2F00000EA6 /* sifremiunuttumViewController.swift */ = {isa = PBXFileReference; lastKnownFileType = sourcecode.swift; path = sifremiunuttumViewController.swift; sourceTree = "<group>"; };
		186E50DA260B99CC00EA7480 /* GoogleService-Info.plist */ = {isa = PBXFileReference; fileEncoding = 4; lastKnownFileType = text.plist.xml; name = "GoogleService-Info.plist"; path = "../../../Downloads/GoogleService-Info.plist"; sourceTree = "<group>"; };
		188C17832628C7BC00105021 /* Login.swift */ = {isa = PBXFileReference; lastKnownFileType = sourcecode.swift; path = Login.swift; sourceTree = "<group>"; };
		188C178B2628C7D400105021 /* Signin.swift */ = {isa = PBXFileReference; lastKnownFileType = sourcecode.swift; path = Signin.swift; sourceTree = "<group>"; };
		188C17972628C93600105021 /* GoogleService-Info.plist */ = {isa = PBXFileReference; lastKnownFileType = text.plist.xml; path = "GoogleService-Info.plist"; sourceTree = "<group>"; };
/* End PBXFileReference section */

/* Begin PBXFrameworksBuildPhase section */
		18469BAC2606157700AFCA03 /* Frameworks */ = {
			isa = PBXFrameworksBuildPhase;
			buildActionMask = 2147483647;
			files = (
			);
			runOnlyForDeploymentPostprocessing = 0;
		};
		18469BC22606157800AFCA03 /* Frameworks */ = {
			isa = PBXFrameworksBuildPhase;
			buildActionMask = 2147483647;
			files = (
			);
			runOnlyForDeploymentPostprocessing = 0;
		};
		18469BCD2606157800AFCA03 /* Frameworks */ = {
			isa = PBXFrameworksBuildPhase;
			buildActionMask = 2147483647;
			files = (
			);
			runOnlyForDeploymentPostprocessing = 0;
		};
/* End PBXFrameworksBuildPhase section */

/* Begin PBXGroup section */
		1811297A262B11120056769A /* StoryBoard Swift */ = {
			isa = PBXGroup;
			children = (
				1811296F2629DA7C0056769A /* HomeViewController.swift */,
				1811299B262B1FB80056769A /* SuccesRegisterViewController.swift */,
				181129A5262B20050056769A /* HomePageViewController.swift */,
				181129A0262B1FDF0056769A /* CompanyRegisterViewController.swift */,
				18660116262B8A5600000EA6 /* urunekleViewController.swift */,
				1866014D262B8F1E00000EA6 /* sehirlerViewController.swift */,
				18660143262B8EFF00000EA6 /* kuponlarViewController.swift */,
				18660152262B8F2F00000EA6 /* sifremiunuttumViewController.swift */,
				1811297B262B1F0D0056769A /* LoginViewController.swift */,
				18660148262B8F0D00000EA6 /* fırsatlarViewController.swift */,
				1866013E262B8EE700000EA6 /* kartekleViewController.swift */,
				18112987262B1F340056769A /* RegisterViewController.swift */,
				18660139262B8ED600000EA6 /* kartlarViewController.swift */,
				18660125262B8CA600000EA6 /* profilimViewController.swift */,
				18660134262B8EC100000EA6 /* adresekleViewController.swift */,
				1866011B262B8B1300000EA6 /* urunonayViewController.swift */,
				1866012F262B8EA800000EA6 /* adreslerViewController.swift */,
				1866012A262B8D4B00000EA6 /* bilgilerimViewController.swift */,
				18660111262B89A000000EA6 /* urunlistViewController.swift */,
				18660120262B8BA000000EA6 /* dıgerViewController.swift */,
				18112996262B1F9E0056769A /* BrRegister3ViewController.swift */,
				18112991262B1F860056769A /* BrRegister2ViewController.swift */,
				1811298C262B1F730056769A /* BrRegister1ViewController.swift */,
				181129AA262B20450056769A /* AddingProductViewController.swift */,
			);
			path = "StoryBoard Swift";
			sourceTree = "<group>";
		};
		18469BA62606157700AFCA03 = {
			isa = PBXGroup;
			children = (
				18469BB12606157700AFCA03 /* prooo */,
				18469BC82606157800AFCA03 /* proooTests */,
				18469BD32606157800AFCA03 /* proooUITests */,
				18469BB02606157700AFCA03 /* Products */,
			);
			sourceTree = "<group>";
		};
		18469BB02606157700AFCA03 /* Products */ = {
			isa = PBXGroup;
			children = (
				18469BAF2606157700AFCA03 /* prooo.app */,
				18469BC52606157800AFCA03 /* proooTests.xctest */,
				18469BD02606157800AFCA03 /* proooUITests.xctest */,
			);
			name = Products;
			sourceTree = "<group>";
		};
		18469BB12606157700AFCA03 /* prooo */ = {
			isa = PBXGroup;
			children = (
				18469BB22606157700AFCA03 /* AppDelegate.swift */,
				18469BB62606157700AFCA03 /* ViewController.swift */,
				18469BB42606157700AFCA03 /* SceneDelegate.swift */,
				1811297A262B11120056769A /* StoryBoard Swift */,
				188C17952628C91700105021 /* Storyboard */,
				188C17962628C92F00105021 /* Firebase */,
				188C17822628C79C00105021 /* Login */,
				186E50DA260B99CC00EA7480 /* GoogleService-Info.plist */,
				18469BBB2606157800AFCA03 /* Assets.xcassets */,
				18469BC02606157800AFCA03 /* Info.plist */,
			);
			path = prooo;
			sourceTree = "<group>";
		};
		18469BC82606157800AFCA03 /* proooTests */ = {
			isa = PBXGroup;
			children = (
				18469BC92606157800AFCA03 /* proooTests.swift */,
				18469BCB2606157800AFCA03 /* Info.plist */,
			);
			path = proooTests;
			sourceTree = "<group>";
		};
		18469BD32606157800AFCA03 /* proooUITests */ = {
			isa = PBXGroup;
			children = (
				18469BD42606157800AFCA03 /* proooUITests.swift */,
				18469BD62606157800AFCA03 /* Info.plist */,
			);
			path = proooUITests;
			sourceTree = "<group>";
		};
		188C17822628C79C00105021 /* Login */ = {
			isa = PBXGroup;
			children = (
				188C17832628C7BC00105021 /* Login.swift */,
				188C178B2628C7D400105021 /* Signin.swift */,
			);
			path = Login;
			sourceTree = "<group>";
		};
		188C17952628C91700105021 /* Storyboard */ = {
			isa = PBXGroup;
			children = (
				18469BBD2606157800AFCA03 /* LaunchScreen.storyboard */,
				18469BB82606157700AFCA03 /* Main.storyboard */,
			);
			path = Storyboard;
			sourceTree = "<group>";
		};
		188C17962628C92F00105021 /* Firebase */ = {
			isa = PBXGroup;
			children = (
				188C17972628C93600105021 /* GoogleService-Info.plist */,
			);
			path = Firebase;
			sourceTree = "<group>";
		};
/* End PBXGroup section */

/* Begin PBXNativeTarget section */
		18469BAE2606157700AFCA03 /* prooo */ = {
			isa = PBXNativeTarget;
			buildConfigurationList = 18469BD92606157800AFCA03 /* Build configuration list for PBXNativeTarget "prooo" */;
			buildPhases = (
				18469BAB2606157700AFCA03 /* Sources */,
				18469BAC2606157700AFCA03 /* Frameworks */,
				18469BAD2606157700AFCA03 /* Resources */,
			);
			buildRules = (
			);
			dependencies = (
			);
			name = prooo;
			productName = prooo;
			productReference = 18469BAF2606157700AFCA03 /* prooo.app */;
			productType = "com.apple.product-type.application";
		};
		18469BC42606157800AFCA03 /* proooTests */ = {
			isa = PBXNativeTarget;
			buildConfigurationList = 18469BDC2606157800AFCA03 /* Build configuration list for PBXNativeTarget "proooTests" */;
			buildPhases = (
				18469BC12606157800AFCA03 /* Sources */,
				18469BC22606157800AFCA03 /* Frameworks */,
				18469BC32606157800AFCA03 /* Resources */,
			);
			buildRules = (
			);
			dependencies = (
				18469BC72606157800AFCA03 /* PBXTargetDependency */,
			);
			name = proooTests;
			productName = proooTests;
			productReference = 18469BC52606157800AFCA03 /* proooTests.xctest */;
			productType = "com.apple.product-type.bundle.unit-test";
		};
		18469BCF2606157800AFCA03 /* proooUITests */ = {
			isa = PBXNativeTarget;
			buildConfigurationList = 18469BDF2606157800AFCA03 /* Build configuration list for PBXNativeTarget "proooUITests" */;
			buildPhases = (
				18469BCC2606157800AFCA03 /* Sources */,
				18469BCD2606157800AFCA03 /* Frameworks */,
				18469BCE2606157800AFCA03 /* Resources */,
			);
			buildRules = (
			);
			dependencies = (
				18469BD22606157800AFCA03 /* PBXTargetDependency */,
			);
			name = proooUITests;
			productName = proooUITests;
			productReference = 18469BD02606157800AFCA03 /* proooUITests.xctest */;
			productType = "com.apple.product-type.bundle.ui-testing";
		};
/* End PBXNativeTarget section */

/* Begin PBXProject section */
		18469BA72606157700AFCA03 /* Project object */ = {
			isa = PBXProject;
			attributes = {
				LastSwiftUpdateCheck = 1240;
				LastUpgradeCheck = 1240;
				TargetAttributes = {
					18469BAE2606157700AFCA03 = {
						CreatedOnToolsVersion = 12.4;
					};
					18469BC42606157800AFCA03 = {
						CreatedOnToolsVersion = 12.4;
						TestTargetID = 18469BAE2606157700AFCA03;
					};
					18469BCF2606157800AFCA03 = {
						CreatedOnToolsVersion = 12.4;
						TestTargetID = 18469BAE2606157700AFCA03;
					};
				};
			};
			buildConfigurationList = 18469BAA2606157700AFCA03 /* Build configuration list for PBXProject "prooo" */;
			compatibilityVersion = "Xcode 9.3";
			developmentRegion = en;
			hasScannedForEncodings = 0;
			knownRegions = (
				en,
				Base,
			);
			mainGroup = 18469BA62606157700AFCA03;
			productRefGroup = 18469BB02606157700AFCA03 /* Products */;
			projectDirPath = "";
			projectRoot = "";
			targets = (
				18469BAE2606157700AFCA03 /* prooo */,
				18469BC42606157800AFCA03 /* proooTests */,
				18469BCF2606157800AFCA03 /* proooUITests */,
			);
		};
/* End PBXProject section */

/* Begin PBXResourcesBuildPhase section */
		18469BAD2606157700AFCA03 /* Resources */ = {
			isa = PBXResourcesBuildPhase;
			buildActionMask = 2147483647;
			files = (
				18469BBF2606157800AFCA03 /* LaunchScreen.storyboard in Resources */,
				186E50DB260B99CC00EA7480 /* GoogleService-Info.plist in Resources */,
				18469BBC2606157800AFCA03 /* Assets.xcassets in Resources */,
				18469BBA2606157700AFCA03 /* Main.storyboard in Resources */,
			);
			runOnlyForDeploymentPostprocessing = 0;
		};
		18469BC32606157800AFCA03 /* Resources */ = {
			isa = PBXResourcesBuildPhase;
			buildActionMask = 2147483647;
			files = (
			);
			runOnlyForDeploymentPostprocessing = 0;
		};
		18469BCE2606157800AFCA03 /* Resources */ = {
			isa = PBXResourcesBuildPhase;
			buildActionMask = 2147483647;
			files = (
			);
			runOnlyForDeploymentPostprocessing = 0;
		};
/* End PBXResourcesBuildPhase section */

/* Begin PBXSourcesBuildPhase section */
		18469BAB2606157700AFCA03 /* Sources */ = {
			isa = PBXSourcesBuildPhase;
			buildActionMask = 2147483647;
			files = (
				18660144262B8EFF00000EA6 /* kuponlarViewController.swift in Sources */,
				18660126262B8CA600000EA6 /* profilimViewController.swift in Sources */,
				1811297C262B1F0D0056769A /* LoginViewController.swift in Sources */,
				1811298D262B1F730056769A /* BrRegister1ViewController.swift in Sources */,
				181129A1262B1FDF0056769A /* CompanyRegisterViewController.swift in Sources */,
				18660153262B8F2F00000EA6 /* sifremiunuttumViewController.swift in Sources */,
				1866011C262B8B1300000EA6 /* urunonayViewController.swift in Sources */,
				18112992262B1F860056769A /* BrRegister2ViewController.swift in Sources */,
				1866013A262B8ED600000EA6 /* kartlarViewController.swift in Sources */,
				1866013F262B8EE700000EA6 /* kartekleViewController.swift in Sources */,
				18660149262B8F0D00000EA6 /* fırsatlarViewController.swift in Sources */,
				18469BB72606157700AFCA03 /* ViewController.swift in Sources */,
				18469BB32606157700AFCA03 /* AppDelegate.swift in Sources */,
				1866014E262B8F1E00000EA6 /* sehirlerViewController.swift in Sources */,
				181129AB262B20450056769A /* AddingProductViewController.swift in Sources */,
				18112988262B1F340056769A /* RegisterViewController.swift in Sources */,
				18469BB52606157700AFCA03 /* SceneDelegate.swift in Sources */,
				181129A6262B20050056769A /* HomePageViewController.swift in Sources */,
				188C17842628C7BC00105021 /* Login.swift in Sources */,
				18660121262B8BA000000EA6 /* dıgerViewController.swift in Sources */,
				18112997262B1F9E0056769A /* BrRegister3ViewController.swift in Sources */,
				18660117262B8A5600000EA6 /* urunekleViewController.swift in Sources */,
				18660112262B89A000000EA6 /* urunlistViewController.swift in Sources */,
				181129702629DA7C0056769A /* HomeViewController.swift in Sources */,
				18660130262B8EA800000EA6 /* adreslerViewController.swift in Sources */,
				18660135262B8EC100000EA6 /* adresekleViewController.swift in Sources */,
				188C178C2628C7D400105021 /* Signin.swift in Sources */,
				1866012B262B8D4B00000EA6 /* bilgilerimViewController.swift in Sources */,
				1811299C262B1FB80056769A /* SuccesRegisterViewController.swift in Sources */,
			);
			runOnlyForDeploymentPostprocessing = 0;
		};
		18469BC12606157800AFCA03 /* Sources */ = {
			isa = PBXSourcesBuildPhase;
			buildActionMask = 2147483647;
			files = (
				18469BCA2606157800AFCA03 /* proooTests.swift in Sources */,
			);
			runOnlyForDeploymentPostprocessing = 0;
		};
		18469BCC2606157800AFCA03 /* Sources */ = {
			isa = PBXSourcesBuildPhase;
			buildActionMask = 2147483647;
			files = (
				18469BD52606157800AFCA03 /* proooUITests.swift in Sources */,
			);
			runOnlyForDeploymentPostprocessing = 0;
		};
/* End PBXSourcesBuildPhase section */

/* Begin PBXTargetDependency section */
		18469BC72606157800AFCA03 /* PBXTargetDependency */ = {
			isa = PBXTargetDependency;
			target = 18469BAE2606157700AFCA03 /* prooo */;
			targetProxy = 18469BC62606157800AFCA03 /* PBXContainerItemProxy */;
		};
		18469BD22606157800AFCA03 /* PBXTargetDependency */ = {
			isa = PBXTargetDependency;
			target = 18469BAE2606157700AFCA03 /* prooo */;
			targetProxy = 18469BD12606157800AFCA03 /* PBXContainerItemProxy */;
		};
/* End PBXTargetDependency section */

/* Begin PBXVariantGroup section */
		18469BB82606157700AFCA03 /* Main.storyboard */ = {
			isa = PBXVariantGroup;
			children = (
				18469BB92606157700AFCA03 /* Base */,
			);
			name = Main.storyboard;
			sourceTree = "<group>";
		};
		18469BBD2606157800AFCA03 /* LaunchScreen.storyboard */ = {
			isa = PBXVariantGroup;
			children = (
				18469BBE2606157800AFCA03 /* Base */,
			);
			name = LaunchScreen.storyboard;
			sourceTree = "<group>";
		};
/* End PBXVariantGroup section */

/* Begin XCBuildConfiguration section */
		18469BD72606157800AFCA03 /* Debug */ = {
			isa = XCBuildConfiguration;
			buildSettings = {
				ALWAYS_SEARCH_USER_PATHS = NO;
				CLANG_ANALYZER_NONNULL = YES;
				CLANG_ANALYZER_NUMBER_OBJECT_CONVERSION = YES_AGGRESSIVE;
				CLANG_CXX_LANGUAGE_STANDARD = "gnu++14";
				CLANG_CXX_LIBRARY = "libc++";
				CLANG_ENABLE_MODULES = YES;
				CLANG_ENABLE_OBJC_ARC = YES;
				CLANG_ENABLE_OBJC_WEAK = YES;
				CLANG_WARN_BLOCK_CAPTURE_AUTORELEASING = YES;
				CLANG_WARN_BOOL_CONVERSION = YES;
				CLANG_WARN_COMMA = YES;
				CLANG_WARN_CONSTANT_CONVERSION = YES;
				CLANG_WARN_DEPRECATED_OBJC_IMPLEMENTATIONS = YES;
				CLANG_WARN_DIRECT_OBJC_ISA_USAGE = YES_ERROR;
				CLANG_WARN_DOCUMENTATION_COMMENTS = YES;
				CLANG_WARN_EMPTY_BODY = YES;
				CLANG_WARN_ENUM_CONVERSION = YES;
				CLANG_WARN_INFINITE_RECURSION = YES;
				CLANG_WARN_INT_CONVERSION = YES;
				CLANG_WARN_NON_LITERAL_NULL_CONVERSION = YES;
				CLANG_WARN_OBJC_IMPLICIT_RETAIN_SELF = YES;
				CLANG_WARN_OBJC_LITERAL_CONVERSION = YES;
				CLANG_WARN_OBJC_ROOT_CLASS = YES_ERROR;
				CLANG_WARN_QUOTED_INCLUDE_IN_FRAMEWORK_HEADER = YES;
				CLANG_WARN_RANGE_LOOP_ANALYSIS = YES;
				CLANG_WARN_STRICT_PROTOTYPES = YES;
				CLANG_WARN_SUSPICIOUS_MOVE = YES;
				CLANG_WARN_UNGUARDED_AVAILABILITY = YES_AGGRESSIVE;
				CLANG_WARN_UNREACHABLE_CODE = YES;
				CLANG_WARN__DUPLICATE_METHOD_MATCH = YES;
				COPY_PHASE_STRIP = NO;
				DEBUG_INFORMATION_FORMAT = dwarf;
				ENABLE_STRICT_OBJC_MSGSEND = YES;
				ENABLE_TESTABILITY = YES;
				GCC_C_LANGUAGE_STANDARD = gnu11;
				GCC_DYNAMIC_NO_PIC = NO;
				GCC_NO_COMMON_BLOCKS = YES;
				GCC_OPTIMIZATION_LEVEL = 0;
				GCC_PREPROCESSOR_DEFINITIONS = (
					"DEBUG=1",
					"$(inherited)",
				);
				GCC_WARN_64_TO_32_BIT_CONVERSION = YES;
				GCC_WARN_ABOUT_RETURN_TYPE = YES_ERROR;
				GCC_WARN_UNDECLARED_SELECTOR = YES;
				GCC_WARN_UNINITIALIZED_AUTOS = YES_AGGRESSIVE;
				GCC_WARN_UNUSED_FUNCTION = YES;
				GCC_WARN_UNUSED_VARIABLE = YES;
				IPHONEOS_DEPLOYMENT_TARGET = 14.4;
				MTL_ENABLE_DEBUG_INFO = INCLUDE_SOURCE;
				MTL_FAST_MATH = YES;
				ONLY_ACTIVE_ARCH = YES;
				SDKROOT = iphoneos;
				SWIFT_ACTIVE_COMPILATION_CONDITIONS = DEBUG;
				SWIFT_OPTIMIZATION_LEVEL = "-Onone";
			};
			name = Debug;
		};
		18469BD82606157800AFCA03 /* Release */ = {
			isa = XCBuildConfiguration;
			buildSettings = {
				ALWAYS_SEARCH_USER_PATHS = NO;
				CLANG_ANALYZER_NONNULL = YES;
				CLANG_ANALYZER_NUMBER_OBJECT_CONVERSION = YES_AGGRESSIVE;
				CLANG_CXX_LANGUAGE_STANDARD = "gnu++14";
				CLANG_CXX_LIBRARY = "libc++";
				CLANG_ENABLE_MODULES = YES;
				CLANG_ENABLE_OBJC_ARC = YES;
				CLANG_ENABLE_OBJC_WEAK = YES;
				CLANG_WARN_BLOCK_CAPTURE_AUTORELEASING = YES;
				CLANG_WARN_BOOL_CONVERSION = YES;
				CLANG_WARN_COMMA = YES;
				CLANG_WARN_CONSTANT_CONVERSION = YES;
				CLANG_WARN_DEPRECATED_OBJC_IMPLEMENTATIONS = YES;
				CLANG_WARN_DIRECT_OBJC_ISA_USAGE = YES_ERROR;
				CLANG_WARN_DOCUMENTATION_COMMENTS = YES;
				CLANG_WARN_EMPTY_BODY = YES;
				CLANG_WARN_ENUM_CONVERSION = YES;
				CLANG_WARN_INFINITE_RECURSION = YES;
				CLANG_WARN_INT_CONVERSION = YES;
				CLANG_WARN_NON_LITERAL_NULL_CONVERSION = YES;
				CLANG_WARN_OBJC_IMPLICIT_RETAIN_SELF = YES;
				CLANG_WARN_OBJC_LITERAL_CONVERSION = YES;
				CLANG_WARN_OBJC_ROOT_CLASS = YES_ERROR;
				CLANG_WARN_QUOTED_INCLUDE_IN_FRAMEWORK_HEADER = YES;
				CLANG_WARN_RANGE_LOOP_ANALYSIS = YES;
				CLANG_WARN_STRICT_PROTOTYPES = YES;
				CLANG_WARN_SUSPICIOUS_MOVE = YES;
				CLANG_WARN_UNGUARDED_AVAILABILITY = YES_AGGRESSIVE;
				CLANG_WARN_UNREACHABLE_CODE = YES;
				CLANG_WARN__DUPLICATE_METHOD_MATCH = YES;
				COPY_PHASE_STRIP = NO;
				DEBUG_INFORMATION_FORMAT = "dwarf-with-dsym";
				ENABLE_NS_ASSERTIONS = NO;
				ENABLE_STRICT_OBJC_MSGSEND = YES;
				GCC_C_LANGUAGE_STANDARD = gnu11;
				GCC_NO_COMMON_BLOCKS = YES;
				GCC_WARN_64_TO_32_BIT_CONVERSION = YES;
				GCC_WARN_ABOUT_RETURN_TYPE = YES_ERROR;
				GCC_WARN_UNDECLARED_SELECTOR = YES;
				GCC_WARN_UNINITIALIZED_AUTOS = YES_AGGRESSIVE;
				GCC_WARN_UNUSED_FUNCTION = YES;
				GCC_WARN_UNUSED_VARIABLE = YES;
				IPHONEOS_DEPLOYMENT_TARGET = 14.4;
				MTL_ENABLE_DEBUG_INFO = NO;
				MTL_FAST_MATH = YES;
				SDKROOT = iphoneos;
				SWIFT_COMPILATION_MODE = wholemodule;
				SWIFT_OPTIMIZATION_LEVEL = "-O";
				VALIDATE_PRODUCT = YES;
			};
			name = Release;
		};
		18469BDA2606157800AFCA03 /* Debug */ = {
			isa = XCBuildConfiguration;
			buildSettings = {
				ASSETCATALOG_COMPILER_APPICON_NAME = AppIcon;
				ASSETCATALOG_COMPILER_GLOBAL_ACCENT_COLOR_NAME = AccentColor;
				CODE_SIGN_STYLE = Automatic;
				DEVELOPMENT_TEAM = 85L86RJMG5;
				INFOPLIST_FILE = prooo/Info.plist;
				LD_RUNPATH_SEARCH_PATHS = (
					"$(inherited)",
					"@executable_path/Frameworks",
				);
				PRODUCT_BUNDLE_IDENTIFIER = yiyi.prooo;
				PRODUCT_NAME = "$(TARGET_NAME)";
				SWIFT_VERSION = 5.0;
				TARGETED_DEVICE_FAMILY = "1,2";
			};
			name = Debug;
		};
		18469BDB2606157800AFCA03 /* Release */ = {
			isa = XCBuildConfiguration;
			buildSettings = {
				ASSETCATALOG_COMPILER_APPICON_NAME = AppIcon;
				ASSETCATALOG_COMPILER_GLOBAL_ACCENT_COLOR_NAME = AccentColor;
				CODE_SIGN_STYLE = Automatic;
				DEVELOPMENT_TEAM = 85L86RJMG5;
				INFOPLIST_FILE = prooo/Info.plist;
				LD_RUNPATH_SEARCH_PATHS = (
					"$(inherited)",
					"@executable_path/Frameworks",
				);
				PRODUCT_BUNDLE_IDENTIFIER = yiyi.prooo;
				PRODUCT_NAME = "$(TARGET_NAME)";
				SWIFT_VERSION = 5.0;
				TARGETED_DEVICE_FAMILY = "1,2";
			};
			name = Release;
		};
		18469BDD2606157800AFCA03 /* Debug */ = {
			isa = XCBuildConfiguration;
			buildSettings = {
				ALWAYS_EMBED_SWIFT_STANDARD_LIBRARIES = YES;
				BUNDLE_LOADER = "$(TEST_HOST)";
				CODE_SIGN_STYLE = Automatic;
				DEVELOPMENT_TEAM = 85L86RJMG5;
				INFOPLIST_FILE = proooTests/Info.plist;
				IPHONEOS_DEPLOYMENT_TARGET = 14.4;
				LD_RUNPATH_SEARCH_PATHS = (
					"$(inherited)",
					"@executable_path/Frameworks",
					"@loader_path/Frameworks",
				);
				PRODUCT_BUNDLE_IDENTIFIER = yiyi.proooTests;
				PRODUCT_NAME = "$(TARGET_NAME)";
				SWIFT_VERSION = 5.0;
				TARGETED_DEVICE_FAMILY = "1,2";
				TEST_HOST = "$(BUILT_PRODUCTS_DIR)/prooo.app/prooo";
			};
			name = Debug;
		};
		18469BDE2606157800AFCA03 /* Release */ = {
			isa = XCBuildConfiguration;
			buildSettings = {
				ALWAYS_EMBED_SWIFT_STANDARD_LIBRARIES = YES;
				BUNDLE_LOADER = "$(TEST_HOST)";
				CODE_SIGN_STYLE = Automatic;
				DEVELOPMENT_TEAM = 85L86RJMG5;
				INFOPLIST_FILE = proooTests/Info.plist;
				IPHONEOS_DEPLOYMENT_TARGET = 14.4;
				LD_RUNPATH_SEARCH_PATHS = (
					"$(inherited)",
					"@executable_path/Frameworks",
					"@loader_path/Frameworks",
				);
				PRODUCT_BUNDLE_IDENTIFIER = yiyi.proooTests;
				PRODUCT_NAME = "$(TARGET_NAME)";
				SWIFT_VERSION = 5.0;
				TARGETED_DEVICE_FAMILY = "1,2";
				TEST_HOST = "$(BUILT_PRODUCTS_DIR)/prooo.app/prooo";
			};
			name = Release;
		};
		18469BE02606157800AFCA03 /* Debug */ = {
			isa = XCBuildConfiguration;
			buildSettings = {
				ALWAYS_EMBED_SWIFT_STANDARD_LIBRARIES = YES;
				CODE_SIGN_STYLE = Automatic;
				DEVELOPMENT_TEAM = 85L86RJMG5;
				INFOPLIST_FILE = proooUITests/Info.plist;
				LD_RUNPATH_SEARCH_PATHS = (
					"$(inherited)",
					"@executable_path/Frameworks",
					"@loader_path/Frameworks",
				);
				PRODUCT_BUNDLE_IDENTIFIER = yiyi.proooUITests;
				PRODUCT_NAME = "$(TARGET_NAME)";
				SWIFT_VERSION = 5.0;
				TARGETED_DEVICE_FAMILY = "1,2";
				TEST_TARGET_NAME = prooo;
			};
			name = Debug;
		};
		18469BE12606157800AFCA03 /* Release */ = {
			isa = XCBuildConfiguration;
			buildSettings = {
				ALWAYS_EMBED_SWIFT_STANDARD_LIBRARIES = YES;
				CODE_SIGN_STYLE = Automatic;
				DEVELOPMENT_TEAM = 85L86RJMG5;
				INFOPLIST_FILE = proooUITests/Info.plist;
				LD_RUNPATH_SEARCH_PATHS = (
					"$(inherited)",
					"@executable_path/Frameworks",
					"@loader_path/Frameworks",
				);
				PRODUCT_BUNDLE_IDENTIFIER = yiyi.proooUITests;
				PRODUCT_NAME = "$(TARGET_NAME)";
				SWIFT_VERSION = 5.0;
				TARGETED_DEVICE_FAMILY = "1,2";
				TEST_TARGET_NAME = prooo;
			};
			name = Release;
		};
/* End XCBuildConfiguration section */

/* Begin XCConfigurationList section */
		18469BAA2606157700AFCA03 /* Build configuration list for PBXProject "prooo" */ = {
			isa = XCConfigurationList;
			buildConfigurations = (
				18469BD72606157800AFCA03 /* Debug */,
				18469BD82606157800AFCA03 /* Release */,
			);
			defaultConfigurationIsVisible = 0;
			defaultConfigurationName = Release;
		};
		18469BD92606157800AFCA03 /* Build configuration list for PBXNativeTarget "prooo" */ = {
			isa = XCConfigurationList;
			buildConfigurations = (
				18469BDA2606157800AFCA03 /* Debug */,
				18469BDB2606157800AFCA03 /* Release */,
			);
			defaultConfigurationIsVisible = 0;
			defaultConfigurationName = Release;
		};
		18469BDC2606157800AFCA03 /* Build configuration list for PBXNativeTarget "proooTests" */ = {
			isa = XCConfigurationList;
			buildConfigurations = (
				18469BDD2606157800AFCA03 /* Debug */,
				18469BDE2606157800AFCA03 /* Release */,
			);
			defaultConfigurationIsVisible = 0;
			defaultConfigurationName = Release;
		};
		18469BDF2606157800AFCA03 /* Build configuration list for PBXNativeTarget "proooUITests" */ = {
			isa = XCConfigurationList;
			buildConfigurations = (
				18469BE02606157800AFCA03 /* Debug */,
				18469BE12606157800AFCA03 /* Release */,
			);
			defaultConfigurationIsVisible = 0;
			defaultConfigurationName = Release;
		};
/* End XCConfigurationList section */
	};
	rootObject = 18469BA72606157700AFCA03 /* Project object */;
}
